# THIS IS AN AUTOGENERATED FILE. DO NOT EDIT THIS FILE DIRECTLY.
# yarn lockfile v1


"@adobe/lit-mobx@^0.0.2":
  version "0.0.2"
  resolved "https://registry.yarnpkg.com/@adobe/lit-mobx/-/lit-mobx-0.0.2.tgz#82d7366c6b707f781b0c87fb1dea8dec3c2567ba"
  integrity sha512-OAA+Ji0ei5GBv6uNWPJCs1YN/WmCnOM0mPDFiB2iKLQPVi5/bbfcuPpzrJQR5n7lhFZiojh18dGGVd0pKPtEbg==

canvas-confetti@^1.0.3:
  version "1.0.3"
  resolved "https://registry.yarnpkg.com/canvas-confetti/-/canvas-confetti-1.0.3.tgz#39daffb9ad09baf21195f19029a235425be10ddb"
  integrity sha512-ECh9JmdsWfCCEUpquhu/aWdTLJiHgMdap1fR8nzZmYttoEf7KwFUvTz7rWInt6D6XsnUc1jCAMUBvIiEOe5zpQ==

lit-confetti@^0.1.5:
  version "0.1.5"
  resolved "https://registry.yarnpkg.com/lit-confetti/-/lit-confetti-0.1.5.tgz#a20f8be04ea011300f1ab4a76e403b89c651695c"
  integrity sha512-DHx1VFUYB2fNSJ52knEEDMB42U2n9DUn0+zmuxcbcL8fR8W3KXBxL41OTRAMFhWhzekY6hv/klF2ygELIP0AUw==
  dependencies:
    lit-element "^2.2.1"

lit-element@^2.2.1:
  version "2.2.1"
  resolved "https://registry.yarnpkg.com/lit-element/-/lit-element-2.2.1.tgz#79c94d8cfdc2d73b245656e37991bd1e4811d96f"
  integrity sha512-ipDcgQ1EpW6Va2Z6dWm79jYdimVepO5GL0eYkZrFvdr0OD/1N260Q9DH+K5HXHFrRoC7dOg+ZpED2XE0TgGdXw==
  dependencies:
    lit-html "^1.0.0"

lit-html@^1.0.0:
  version "1.1.2"
  resolved "https://registry.yarnpkg.com/lit-html/-/lit-html-1.1.2.tgz#2e3560a7075210243649c888ad738eaf0daa8374"
  integrity sha512-FFlUMKHKi+qG1x1iHNZ1hrtc/zHmfYTyrSvs3/wBTvaNtpZjOZGWzU7efGYVpgp6KvWeKF6ql9/KsCq6Z/mEDA==

mobx@^5.15.4:
  version "5.15.4"
  resolved "https://registry.yarnpkg.com/mobx/-/mobx-5.15.4.tgz#9da1a84e97ba624622f4e55a0bf3300fb931c2ab"
  integrity sha512-xRFJxSU2Im3nrGCdjSuOTFmxVDGeqOHL+TyADCGbT0k4HHqGmx5u2yaHNryvoORpI4DfbzjJ5jPmuv+d7sioFw==
